// !$*UTF8*$!
{
	archiveVersion = 1;
	classes = {
	};
	objectVersion = 56;
	objects = {

/* Begin PBXBuildFile section */
		F07D8ED62B70AF4B00313BD3 /* AppDelegate.m in Sources */ = {isa = PBXBuildFile; fileRef = F07D8ED52B70AF4B00313BD3 /* AppDelegate.m */; };
		F07D8ED92B70AF4B00313BD3 /* SceneDelegate.m in Sources */ = {isa = PBXBuildFile; fileRef = F07D8ED82B70AF4B00313BD3 /* SceneDelegate.m */; };
		F07D8EDC2B70AF4B00313BD3 /* ViewController.m in Sources */ = {isa = PBXBuildFile; fileRef = F07D8EDB2B70AF4B00313BD3 /* ViewController.m */; };
		F07D8EDF2B70AF4B00313BD3 /* Base in Resources */ = {isa = PBXBuildFile; fileRef = F07D8EDE2B70AF4B00313BD3 /* Base */; };
		F07D8EE12B70AF4C00313BD3 /* Assets.xcassets in Resources */ = {isa = PBXBuildFile; fileRef = F07D8EE02B70AF4C00313BD3 /* Assets.xcassets */; };
		F07D8EE42B70AF4C00313BD3 /* Base in Resources */ = {isa = PBXBuildFile; fileRef = F07D8EE32B70AF4C00313BD3 /* Base */; };
		F07D8EE72B70AF4C00313BD3 /* main.m in Sources */ = {isa = PBXBuildFile; fileRef = F07D8EE62B70AF4C00313BD3 /* main.m */; };
		F07D8F062B70B3D200313BD3 /* Networking.appex in Embed Foundation Extensions */ = {isa = PBXBuildFile; fileRef = F07D8EF72B70B3D200313BD3 /* Networking.appex */; settings = {ATTRIBUTES = (RemoveHeadersOnCopy, ); }; };
		F07D8F0D2B70B43A00313BD3 /* NetworkProtocolImpl.m in Sources */ = {isa = PBXBuildFile; fileRef = F07D8F0B2B70B43A00313BD3 /* NetworkProtocolImpl.m */; };
		F0EF697C2B70B9F000F25533 /* WebContent.appex in Embed Foundation Extensions */ = {isa = PBXBuildFile; fileRef = F0EF696D2B70B9F000F25533 /* WebContent.appex */; settings = {ATTRIBUTES = (RemoveHeadersOnCopy, ); }; };
		F0EF69892B70BA1900F25533 /* WebContentProtocolImpl.m in Sources */ = {isa = PBXBuildFile; fileRef = F0EF69812B70BA1900F25533 /* WebContentProtocolImpl.m */; };
		F0EF698B2B70BA1900F25533 /* JBDOMNode.m in Sources */ = {isa = PBXBuildFile; fileRef = F0EF69862B70BA1900F25533 /* JBDOMNode.m */; };
		F0EF698D2B70BA1900F25533 /* DOMParser.m in Sources */ = {isa = PBXBuildFile; fileRef = F0EF69882B70BA1900F25533 /* DOMParser.m */; };
/* End PBXBuildFile section */

/* Begin PBXContainerItemProxy section */
		F07D8F042B70B3D200313BD3 /* PBXContainerItemProxy */ = {
			isa = PBXContainerItemProxy;
			containerPortal = F07D8EC92B70AF4B00313BD3 /* Project object */;
			proxyType = 1;
			remoteGlobalIDString = F07D8EF62B70B3D200313BD3;
			remoteInfo = Networking;
		};
		F0EF697A2B70B9F000F25533 /* PBXContainerItemProxy */ = {
			isa = PBXContainerItemProxy;
			containerPortal = F07D8EC92B70AF4B00313BD3 /* Project object */;
			proxyType = 1;
			remoteGlobalIDString = F0EF696C2B70B9F000F25533;
			remoteInfo = WebContent;
		};
/* End PBXContainerItemProxy section */

/* Begin PBXCopyFilesBuildPhase section */
		F07D8F0A2B70B3D200313BD3 /* Embed Foundation Extensions */ = {
			isa = PBXCopyFilesBuildPhase;
			buildActionMask = 2147483647;
			dstPath = "";
			dstSubfolderSpec = 13;
			files = (
				F07D8F062B70B3D200313BD3 /* Networking.appex in Embed Foundation Extensions */,
				F0EF697C2B70B9F000F25533 /* WebContent.appex in Embed Foundation Extensions */,
			);
			name = "Embed Foundation Extensions";
			runOnlyForDeploymentPostprocessing = 0;
		};
/* End PBXCopyFilesBuildPhase section */

/* Begin PBXFileReference section */
		F07D8ED12B70AF4B00313BD3 /* JoelBrowser.app */ = {isa = PBXFileReference; explicitFileType = wrapper.application; includeInIndex = 0; path = JoelBrowser.app; sourceTree = BUILT_PRODUCTS_DIR; };
		F07D8ED42B70AF4B00313BD3 /* AppDelegate.h */ = {isa = PBXFileReference; lastKnownFileType = sourcecode.c.h; path = AppDelegate.h; sourceTree = "<group>"; };
		F07D8ED52B70AF4B00313BD3 /* AppDelegate.m */ = {isa = PBXFileReference; lastKnownFileType = sourcecode.c.objc; path = AppDelegate.m; sourceTree = "<group>"; };
		F07D8ED72B70AF4B00313BD3 /* SceneDelegate.h */ = {isa = PBXFileReference; lastKnownFileType = sourcecode.c.h; path = SceneDelegate.h; sourceTree = "<group>"; };
		F07D8ED82B70AF4B00313BD3 /* SceneDelegate.m */ = {isa = PBXFileReference; lastKnownFileType = sourcecode.c.objc; path = SceneDelegate.m; sourceTree = "<group>"; };
		F07D8EDA2B70AF4B00313BD3 /* ViewController.h */ = {isa = PBXFileReference; lastKnownFileType = sourcecode.c.h; path = ViewController.h; sourceTree = "<group>"; };
		F07D8EDB2B70AF4B00313BD3 /* ViewController.m */ = {isa = PBXFileReference; lastKnownFileType = sourcecode.c.objc; path = ViewController.m; sourceTree = "<group>"; };
		F07D8EDE2B70AF4B00313BD3 /* Base */ = {isa = PBXFileReference; lastKnownFileType = file.storyboard; name = Base; path = Base.lproj/Main.storyboard; sourceTree = "<group>"; };
		F07D8EE02B70AF4C00313BD3 /* Assets.xcassets */ = {isa = PBXFileReference; lastKnownFileType = folder.assetcatalog; path = Assets.xcassets; sourceTree = "<group>"; };
		F07D8EE32B70AF4C00313BD3 /* Base */ = {isa = PBXFileReference; lastKnownFileType = file.storyboard; name = Base; path = Base.lproj/LaunchScreen.storyboard; sourceTree = "<group>"; };
		F07D8EE52B70AF4C00313BD3 /* Info.plist */ = {isa = PBXFileReference; lastKnownFileType = text.plist.xml; path = Info.plist; sourceTree = "<group>"; };
		F07D8EE62B70AF4C00313BD3 /* main.m */ = {isa = PBXFileReference; lastKnownFileType = sourcecode.c.objc; path = main.m; sourceTree = "<group>"; };
		F07D8EF72B70B3D200313BD3 /* Networking.appex */ = {isa = PBXFileReference; explicitFileType = "wrapper.app-extension"; includeInIndex = 0; path = Networking.appex; sourceTree = BUILT_PRODUCTS_DIR; };
		F07D8F032B70B3D200313BD3 /* Info.plist */ = {isa = PBXFileReference; lastKnownFileType = text.plist.xml; path = Info.plist; sourceTree = "<group>"; };
		F07D8F0B2B70B43A00313BD3 /* NetworkProtocolImpl.m */ = {isa = PBXFileReference; fileEncoding = 4; lastKnownFileType = sourcecode.c.objc; path = NetworkProtocolImpl.m; sourceTree = "<group>"; };
		F07D8F0C2B70B43A00313BD3 /* NetworkingProtocol.h */ = {isa = PBXFileReference; fileEncoding = 4; lastKnownFileType = sourcecode.c.h; path = NetworkingProtocol.h; sourceTree = "<group>"; };
		F0EF696D2B70B9F000F25533 /* WebContent.appex */ = {isa = PBXFileReference; explicitFileType = "wrapper.app-extension"; includeInIndex = 0; path = WebContent.appex; sourceTree = BUILT_PRODUCTS_DIR; };
		F0EF69812B70BA1900F25533 /* WebContentProtocolImpl.m */ = {isa = PBXFileReference; fileEncoding = 4; lastKnownFileType = sourcecode.c.objc; path = WebContentProtocolImpl.m; sourceTree = "<group>"; };
		F0EF69832B70BA1900F25533 /* WebContentProtocol.h */ = {isa = PBXFileReference; fileEncoding = 4; lastKnownFileType = sourcecode.c.h; path = WebContentProtocol.h; sourceTree = "<group>"; };
		F0EF69842B70BA1900F25533 /* JBDOMNode.h */ = {isa = PBXFileReference; fileEncoding = 4; lastKnownFileType = sourcecode.c.h; path = JBDOMNode.h; sourceTree = "<group>"; };
		F0EF69852B70BA1900F25533 /* DOMParser.h */ = {isa = PBXFileReference; fileEncoding = 4; lastKnownFileType = sourcecode.c.h; path = DOMParser.h; sourceTree = "<group>"; };
		F0EF69862B70BA1900F25533 /* JBDOMNode.m */ = {isa = PBXFileReference; fileEncoding = 4; lastKnownFileType = sourcecode.c.objc; path = JBDOMNode.m; sourceTree = "<group>"; };
		F0EF69882B70BA1900F25533 /* DOMParser.m */ = {isa = PBXFileReference; fileEncoding = 4; lastKnownFileType = sourcecode.c.objc; path = DOMParser.m; sourceTree = "<group>"; };
		F0EF698E2B70BBF000F25533 /* Info.plist */ = {isa = PBXFileReference; fileEncoding = 4; lastKnownFileType = text.plist.xml; path = Info.plist; sourceTree = "<group>"; };
/* End PBXFileReference section */

/* Begin PBXFrameworksBuildPhase section */
		F07D8ECE2B70AF4B00313BD3 /* Frameworks */ = {
			isa = PBXFrameworksBuildPhase;
			buildActionMask = 2147483647;
			files = (
			);
			runOnlyForDeploymentPostprocessing = 0;
		};
		F07D8EF42B70B3D200313BD3 /* Frameworks */ = {
			isa = PBXFrameworksBuildPhase;
			buildActionMask = 2147483647;
			files = (
			);
			runOnlyForDeploymentPostprocessing = 0;
		};
		F0EF696A2B70B9F000F25533 /* Frameworks */ = {
			isa = PBXFrameworksBuildPhase;
			buildActionMask = 2147483647;
			files = (
			);
			runOnlyForDeploymentPostprocessing = 0;
		};
/* End PBXFrameworksBuildPhase section */

/* Begin PBXGroup section */
		F07D8EC82B70AF4B00313BD3 = {
			isa = PBXGroup;
			children = (
				F07D8ED32B70AF4B00313BD3 /* JoelBrowser */,
				F07D8EFB2B70B3D200313BD3 /* Networking */,
				F0EF69712B70B9F000F25533 /* WebContent */,
				F07D8ED22B70AF4B00313BD3 /* Products */,
			);
			sourceTree = "<group>";
		};
		F07D8ED22B70AF4B00313BD3 /* Products */ = {
			isa = PBXGroup;
			children = (
				F07D8ED12B70AF4B00313BD3 /* JoelBrowser.app */,
				F07D8EF72B70B3D200313BD3 /* Networking.appex */,
				F0EF696D2B70B9F000F25533 /* WebContent.appex */,
			);
			name = Products;
			sourceTree = "<group>";
		};
		F07D8ED32B70AF4B00313BD3 /* JoelBrowser */ = {
			isa = PBXGroup;
			children = (
				F07D8ED42B70AF4B00313BD3 /* AppDelegate.h */,
				F07D8ED52B70AF4B00313BD3 /* AppDelegate.m */,
				F07D8ED72B70AF4B00313BD3 /* SceneDelegate.h */,
				F07D8ED82B70AF4B00313BD3 /* SceneDelegate.m */,
				F07D8EDA2B70AF4B00313BD3 /* ViewController.h */,
				F07D8EDB2B70AF4B00313BD3 /* ViewController.m */,
				F07D8EDD2B70AF4B00313BD3 /* Main.storyboard */,
				F07D8EE02B70AF4C00313BD3 /* Assets.xcassets */,
				F07D8EE22B70AF4C00313BD3 /* LaunchScreen.storyboard */,
				F07D8EE52B70AF4C00313BD3 /* Info.plist */,
				F07D8EE62B70AF4C00313BD3 /* main.m */,
			);
			path = JoelBrowser;
			sourceTree = "<group>";
		};
		F07D8EFB2B70B3D200313BD3 /* Networking */ = {
			isa = PBXGroup;
			children = (
				F07D8F0C2B70B43A00313BD3 /* NetworkingProtocol.h */,
				F07D8F0B2B70B43A00313BD3 /* NetworkProtocolImpl.m */,
				F07D8F032B70B3D200313BD3 /* Info.plist */,
			);
			path = Networking;
			sourceTree = "<group>";
		};
		F0EF69712B70B9F000F25533 /* WebContent */ = {
			isa = PBXGroup;
			children = (
				F0EF69852B70BA1900F25533 /* DOMParser.h */,
				F0EF69882B70BA1900F25533 /* DOMParser.m */,
				F0EF698E2B70BBF000F25533 /* Info.plist */,
				F0EF69842B70BA1900F25533 /* JBDOMNode.h */,
				F0EF69862B70BA1900F25533 /* JBDOMNode.m */,
				F0EF69832B70BA1900F25533 /* WebContentProtocol.h */,
				F0EF69812B70BA1900F25533 /* WebContentProtocolImpl.m */,
			);
			path = WebContent;
			sourceTree = "<group>";
		};
/* End PBXGroup section */

/* Begin PBXNativeTarget section */
		F07D8ED02B70AF4B00313BD3 /* JoelBrowser */ = {
			isa = PBXNativeTarget;
			buildConfigurationList = F07D8EEA2B70AF4C00313BD3 /* Build configuration list for PBXNativeTarget "JoelBrowser" */;
			buildPhases = (
				F07D8ECD2B70AF4B00313BD3 /* Sources */,
				F07D8ECE2B70AF4B00313BD3 /* Frameworks */,
				F07D8ECF2B70AF4B00313BD3 /* Resources */,
				F07D8F0A2B70B3D200313BD3 /* Embed Foundation Extensions */,
			);
			buildRules = (
			);
			dependencies = (
				F07D8F052B70B3D200313BD3 /* PBXTargetDependency */,
				F0EF697B2B70B9F000F25533 /* PBXTargetDependency */,
			);
			name = JoelBrowser;
			productName = JoelBrowser;
			productReference = F07D8ED12B70AF4B00313BD3 /* JoelBrowser.app */;
			productType = "com.apple.product-type.application";
		};
		F07D8EF62B70B3D200313BD3 /* Networking */ = {
			isa = PBXNativeTarget;
			buildConfigurationList = F07D8F072B70B3D200313BD3 /* Build configuration list for PBXNativeTarget "Networking" */;
			buildPhases = (
				F07D8EF32B70B3D200313BD3 /* Sources */,
				F07D8EF42B70B3D200313BD3 /* Frameworks */,
				F07D8EF52B70B3D200313BD3 /* Resources */,
			);
			buildRules = (
			);
			dependencies = (
			);
			name = Networking;
			productName = Networking;
			productReference = F07D8EF72B70B3D200313BD3 /* Networking.appex */;
			productType = "com.apple.product-type.app-extension";
		};
		F0EF696C2B70B9F000F25533 /* WebContent */ = {
			isa = PBXNativeTarget;
			buildConfigurationList = F0EF697F2B70B9F000F25533 /* Build configuration list for PBXNativeTarget "WebContent" */;
			buildPhases = (
				F0EF69692B70B9F000F25533 /* Sources */,
				F0EF696A2B70B9F000F25533 /* Frameworks */,
				F0EF696B2B70B9F000F25533 /* Resources */,
			);
			buildRules = (
			);
			dependencies = (
			);
			name = WebContent;
			productName = WebContent;
			productReference = F0EF696D2B70B9F000F25533 /* WebContent.appex */;
			productType = "com.apple.product-type.app-extension";
		};
/* End PBXNativeTarget section */

/* Begin PBXProject section */
		F07D8EC92B70AF4B00313BD3 /* Project object */ = {
			isa = PBXProject;
			attributes = {
				BuildIndependentTargetsInParallel = 1;
				LastUpgradeCheck = 1530;
				TargetAttributes = {
					F07D8ED02B70AF4B00313BD3 = {
						CreatedOnToolsVersion = 15.3;
					};
					F07D8EF62B70B3D200313BD3 = {
						CreatedOnToolsVersion = 15.3;
					};
					F0EF696C2B70B9F000F25533 = {
						CreatedOnToolsVersion = 15.3;
					};
				};
			};
			buildConfigurationList = F07D8ECC2B70AF4B00313BD3 /* Build configuration list for PBXProject "JoelBrowser" */;
			compatibilityVersion = "Xcode 14.0";
			developmentRegion = en;
			hasScannedForEncodings = 0;
			knownRegions = (
				en,
				Base,
			);
			mainGroup = F07D8EC82B70AF4B00313BD3;
			productRefGroup = F07D8ED22B70AF4B00313BD3 /* Products */;
			projectDirPath = "";
			projectRoot = "";
			targets = (
				F07D8ED02B70AF4B00313BD3 /* JoelBrowser */,
				F07D8EF62B70B3D200313BD3 /* Networking */,
				F0EF696C2B70B9F000F25533 /* WebContent */,
			);
		};
/* End PBXProject section */

/* Begin PBXResourcesBuildPhase section */
		F07D8ECF2B70AF4B00313BD3 /* Resources */ = {
			isa = PBXResourcesBuildPhase;
			buildActionMask = 2147483647;
			files = (
				F07D8EE12B70AF4C00313BD3 /* Assets.xcassets in Resources */,
				F07D8EE42B70AF4C00313BD3 /* Base in Resources */,
				F07D8EDF2B70AF4B00313BD3 /* Base in Resources */,
			);
			runOnlyForDeploymentPostprocessing = 0;
		};
		F07D8EF52B70B3D200313BD3 /* Resources */ = {
			isa = PBXResourcesBuildPhase;
			buildActionMask = 2147483647;
			files = (
			);
			runOnlyForDeploymentPostprocessing = 0;
		};
		F0EF696B2B70B9F000F25533 /* Resources */ = {
			isa = PBXResourcesBuildPhase;
			buildActionMask = 2147483647;
			files = (
			);
			runOnlyForDeploymentPostprocessing = 0;
		};
/* End PBXResourcesBuildPhase section */

/* Begin PBXSourcesBuildPhase section */
		F07D8ECD2B70AF4B00313BD3 /* Sources */ = {
			isa = PBXSourcesBuildPhase;
			buildActionMask = 2147483647;
			files = (
				F07D8EDC2B70AF4B00313BD3 /* ViewController.m in Sources */,
				F07D8ED62B70AF4B00313BD3 /* AppDelegate.m in Sources */,
				F07D8EE72B70AF4C00313BD3 /* main.m in Sources */,
				F07D8ED92B70AF4B00313BD3 /* SceneDelegate.m in Sources */,
			);
			runOnlyForDeploymentPostprocessing = 0;
		};
		F07D8EF32B70B3D200313BD3 /* Sources */ = {
			isa = PBXSourcesBuildPhase;
			buildActionMask = 2147483647;
			files = (
				F07D8F0D2B70B43A00313BD3 /* NetworkProtocolImpl.m in Sources */,
			);
			runOnlyForDeploymentPostprocessing = 0;
		};
		F0EF69692B70B9F000F25533 /* Sources */ = {
			isa = PBXSourcesBuildPhase;
			buildActionMask = 2147483647;
			files = (
				F0EF698B2B70BA1900F25533 /* JBDOMNode.m in Sources */,
				F0EF69892B70BA1900F25533 /* WebContentProtocolImpl.m in Sources */,
				F0EF698D2B70BA1900F25533 /* DOMParser.m in Sources */,
			);
			runOnlyForDeploymentPostprocessing = 0;
		};
/* End PBXSourcesBuildPhase section */

/* Begin PBXTargetDependency section */
		F07D8F052B70B3D200313BD3 /* PBXTargetDependency */ = {
			isa = PBXTargetDependency;
			target = F07D8EF62B70B3D200313BD3 /* Networking */;
			targetProxy = F07D8F042B70B3D200313BD3 /* PBXContainerItemProxy */;
		};
		F0EF697B2B70B9F000F25533 /* PBXTargetDependency */ = {
			isa = PBXTargetDependency;
			target = F0EF696C2B70B9F000F25533 /* WebContent */;
			targetProxy = F0EF697A2B70B9F000F25533 /* PBXContainerItemProxy */;
		};
/* End PBXTargetDependency section */

/* Begin PBXVariantGroup section */
		F07D8EDD2B70AF4B00313BD3 /* Main.storyboard */ = {
			isa = PBXVariantGroup;
			children = (
				F07D8EDE2B70AF4B00313BD3 /* Base */,
			);
			name = Main.storyboard;
			sourceTree = "<group>";
		};
		F07D8EE22B70AF4C00313BD3 /* LaunchScreen.storyboard */ = {
			isa = PBXVariantGroup;
			children = (
				F07D8EE32B70AF4C00313BD3 /* Base */,
			);
			name = LaunchScreen.storyboard;
			sourceTree = "<group>";
		};
/* End PBXVariantGroup section */

/* Begin XCBuildConfiguration section */
		F07D8EE82B70AF4C00313BD3 /* Debug */ = {
			isa = XCBuildConfiguration;
			buildSettings = {
				ALWAYS_SEARCH_USER_PATHS = NO;
				ASSETCATALOG_COMPILER_GENERATE_SWIFT_ASSET_SYMBOL_EXTENSIONS = YES;
				CLANG_ANALYZER_NONNULL = YES;
				CLANG_ANALYZER_NUMBER_OBJECT_CONVERSION = YES_AGGRESSIVE;
				CLANG_CXX_LANGUAGE_STANDARD = "gnu++20";
				CLANG_ENABLE_MODULES = YES;
				CLANG_ENABLE_OBJC_ARC = YES;
				CLANG_ENABLE_OBJC_WEAK = YES;
				CLANG_WARN_BLOCK_CAPTURE_AUTORELEASING = YES;
				CLANG_WARN_BOOL_CONVERSION = YES;
				CLANG_WARN_COMMA = YES;
				CLANG_WARN_CONSTANT_CONVERSION = YES;
				CLANG_WARN_DEPRECATED_OBJC_IMPLEMENTATIONS = YES;
				CLANG_WARN_DIRECT_OBJC_ISA_USAGE = YES_ERROR;
				CLANG_WARN_DOCUMENTATION_COMMENTS = YES;
				CLANG_WARN_EMPTY_BODY = YES;
				CLANG_WARN_ENUM_CONVERSION = YES;
				CLANG_WARN_INFINITE_RECURSION = YES;
				CLANG_WARN_INT_CONVERSION = YES;
				CLANG_WARN_NON_LITERAL_NULL_CONVERSION = YES;
				CLANG_WARN_OBJC_IMPLICIT_RETAIN_SELF = YES;
				CLANG_WARN_OBJC_LITERAL_CONVERSION = YES;
				CLANG_WARN_OBJC_ROOT_CLASS = YES_ERROR;
				CLANG_WARN_QUOTED_INCLUDE_IN_FRAMEWORK_HEADER = YES;
				CLANG_WARN_RANGE_LOOP_ANALYSIS = YES;
				CLANG_WARN_STRICT_PROTOTYPES = YES;
				CLANG_WARN_SUSPICIOUS_MOVE = YES;
				CLANG_WARN_UNGUARDED_AVAILABILITY = YES_AGGRESSIVE;
				CLANG_WARN_UNREACHABLE_CODE = YES;
				CLANG_WARN__DUPLICATE_METHOD_MATCH = YES;
				COPY_PHASE_STRIP = NO;
				DEBUG_INFORMATION_FORMAT = dwarf;
				ENABLE_STRICT_OBJC_MSGSEND = YES;
				ENABLE_TESTABILITY = YES;
				ENABLE_USER_SCRIPT_SANDBOXING = YES;
				GCC_C_LANGUAGE_STANDARD = gnu17;
				GCC_DYNAMIC_NO_PIC = NO;
				GCC_NO_COMMON_BLOCKS = YES;
				GCC_OPTIMIZATION_LEVEL = 0;
				GCC_PREPROCESSOR_DEFINITIONS = (
					"DEBUG=1",
					"$(inherited)",
				);
				GCC_WARN_64_TO_32_BIT_CONVERSION = YES;
				GCC_WARN_ABOUT_RETURN_TYPE = YES_ERROR;
				GCC_WARN_UNDECLARED_SELECTOR = YES;
				GCC_WARN_UNINITIALIZED_AUTOS = YES_AGGRESSIVE;
				GCC_WARN_UNUSED_FUNCTION = YES;
				GCC_WARN_UNUSED_VARIABLE = YES;
				IPHONEOS_DEPLOYMENT_TARGET = 17.4;
				LOCALIZATION_PREFERS_STRING_CATALOGS = YES;
				MTL_ENABLE_DEBUG_INFO = INCLUDE_SOURCE;
				MTL_FAST_MATH = YES;
				ONLY_ACTIVE_ARCH = YES;
				SDKROOT = iphoneos;
			};
			name = Debug;
		};
		F07D8EE92B70AF4C00313BD3 /* Release */ = {
			isa = XCBuildConfiguration;
			buildSettings = {
				ALWAYS_SEARCH_USER_PATHS = NO;
				ASSETCATALOG_COMPILER_GENERATE_SWIFT_ASSET_SYMBOL_EXTENSIONS = YES;
				CLANG_ANALYZER_NONNULL = YES;
				CLANG_ANALYZER_NUMBER_OBJECT_CONVERSION = YES_AGGRESSIVE;
				CLANG_CXX_LANGUAGE_STANDARD = "gnu++20";
				CLANG_ENABLE_MODULES = YES;
				CLANG_ENABLE_OBJC_ARC = YES;
				CLANG_ENABLE_OBJC_WEAK = YES;
				CLANG_WARN_BLOCK_CAPTURE_AUTORELEASING = YES;
				CLANG_WARN_BOOL_CONVERSION = YES;
				CLANG_WARN_COMMA = YES;
				CLANG_WARN_CONSTANT_CONVERSION = YES;
				CLANG_WARN_DEPRECATED_OBJC_IMPLEMENTATIONS = YES;
				CLANG_WARN_DIRECT_OBJC_ISA_USAGE = YES_ERROR;
				CLANG_WARN_DOCUMENTATION_COMMENTS = YES;
				CLANG_WARN_EMPTY_BODY = YES;
				CLANG_WARN_ENUM_CONVERSION = YES;
				CLANG_WARN_INFINITE_RECURSION = YES;
				CLANG_WARN_INT_CONVERSION = YES;
				CLANG_WARN_NON_LITERAL_NULL_CONVERSION = YES;
				CLANG_WARN_OBJC_IMPLICIT_RETAIN_SELF = YES;
				CLANG_WARN_OBJC_LITERAL_CONVERSION = YES;
				CLANG_WARN_OBJC_ROOT_CLASS = YES_ERROR;
				CLANG_WARN_QUOTED_INCLUDE_IN_FRAMEWORK_HEADER = YES;
				CLANG_WARN_RANGE_LOOP_ANALYSIS = YES;
				CLANG_WARN_STRICT_PROTOTYPES = YES;
				CLANG_WARN_SUSPICIOUS_MOVE = YES;
				CLANG_WARN_UNGUARDED_AVAILABILITY = YES_AGGRESSIVE;
				CLANG_WARN_UNREACHABLE_CODE = YES;
				CLANG_WARN__DUPLICATE_METHOD_MATCH = YES;
				COPY_PHASE_STRIP = NO;
				DEBUG_INFORMATION_FORMAT = "dwarf-with-dsym";
				ENABLE_NS_ASSERTIONS = NO;
				ENABLE_STRICT_OBJC_MSGSEND = YES;
				ENABLE_USER_SCRIPT_SANDBOXING = YES;
				GCC_C_LANGUAGE_STANDARD = gnu17;
				GCC_NO_COMMON_BLOCKS = YES;
				GCC_WARN_64_TO_32_BIT_CONVERSION = YES;
				GCC_WARN_ABOUT_RETURN_TYPE = YES_ERROR;
				GCC_WARN_UNDECLARED_SELECTOR = YES;
				GCC_WARN_UNINITIALIZED_AUTOS = YES_AGGRESSIVE;
				GCC_WARN_UNUSED_FUNCTION = YES;
				GCC_WARN_UNUSED_VARIABLE = YES;
				IPHONEOS_DEPLOYMENT_TARGET = 17.4;
				LOCALIZATION_PREFERS_STRING_CATALOGS = YES;
				MTL_ENABLE_DEBUG_INFO = NO;
				MTL_FAST_MATH = YES;
				SDKROOT = iphoneos;
				VALIDATE_PRODUCT = YES;
			};
			name = Release;
		};
		F07D8EEB2B70AF4C00313BD3 /* Debug */ = {
			isa = XCBuildConfiguration;
			buildSettings = {
				ASSETCATALOG_COMPILER_APPICON_NAME = AppIcon;
				ASSETCATALOG_COMPILER_GLOBAL_ACCENT_COLOR_NAME = AccentColor;
				CODE_SIGN_STYLE = Automatic;
				CURRENT_PROJECT_VERSION = 1;
				DEVELOPMENT_TEAM = KM96MU7G7A;
				GENERATE_INFOPLIST_FILE = YES;
				INFOPLIST_FILE = JoelBrowser/Info.plist;
				INFOPLIST_KEY_UIApplicationSupportsIndirectInputEvents = YES;
				INFOPLIST_KEY_UILaunchStoryboardName = LaunchScreen;
				INFOPLIST_KEY_UIMainStoryboardFile = Main;
				INFOPLIST_KEY_UISupportedInterfaceOrientations_iPad = "UIInterfaceOrientationPortrait UIInterfaceOrientationPortraitUpsideDown UIInterfaceOrientationLandscapeLeft UIInterfaceOrientationLandscapeRight";
				INFOPLIST_KEY_UISupportedInterfaceOrientations_iPhone = "UIInterfaceOrientationPortrait UIInterfaceOrientationLandscapeLeft UIInterfaceOrientationLandscapeRight";
				LD_RUNPATH_SEARCH_PATHS = (
					"$(inherited)",
					"@executable_path/Frameworks",
				);
				MARKETING_VERSION = 1.0;
				PRODUCT_BUNDLE_IDENTIFIER = com.joeleinbinder.JoelBrowser;
				PRODUCT_NAME = "$(TARGET_NAME)";
				SWIFT_EMIT_LOC_STRINGS = YES;
				TARGETED_DEVICE_FAMILY = "1,2";
			};
			name = Debug;
		};
		F07D8EEC2B70AF4C00313BD3 /* Release */ = {
			isa = XCBuildConfiguration;
			buildSettings = {
				ASSETCATALOG_COMPILER_APPICON_NAME = AppIcon;
				ASSETCATALOG_COMPILER_GLOBAL_ACCENT_COLOR_NAME = AccentColor;
				CODE_SIGN_STYLE = Automatic;
				CURRENT_PROJECT_VERSION = 1;
				DEVELOPMENT_TEAM = KM96MU7G7A;
				GENERATE_INFOPLIST_FILE = YES;
				INFOPLIST_FILE = JoelBrowser/Info.plist;
				INFOPLIST_KEY_UIApplicationSupportsIndirectInputEvents = YES;
				INFOPLIST_KEY_UILaunchStoryboardName = LaunchScreen;
				INFOPLIST_KEY_UIMainStoryboardFile = Main;
				INFOPLIST_KEY_UISupportedInterfaceOrientations_iPad = "UIInterfaceOrientationPortrait UIInterfaceOrientationPortraitUpsideDown UIInterfaceOrientationLandscapeLeft UIInterfaceOrientationLandscapeRight";
				INFOPLIST_KEY_UISupportedInterfaceOrientations_iPhone = "UIInterfaceOrientationPortrait UIInterfaceOrientationLandscapeLeft UIInterfaceOrientationLandscapeRight";
				LD_RUNPATH_SEARCH_PATHS = (
					"$(inherited)",
					"@executable_path/Frameworks",
				);
				MARKETING_VERSION = 1.0;
				PRODUCT_BUNDLE_IDENTIFIER = com.joeleinbinder.JoelBrowser;
				PRODUCT_NAME = "$(TARGET_NAME)";
				SWIFT_EMIT_LOC_STRINGS = YES;
				TARGETED_DEVICE_FAMILY = "1,2";
			};
			name = Release;
		};
		F07D8F082B70B3D200313BD3 /* Debug */ = {
			isa = XCBuildConfiguration;
			buildSettings = {
				CODE_SIGN_STYLE = Automatic;
				CURRENT_PROJECT_VERSION = 1;
				DEVELOPMENT_TEAM = KM96MU7G7A;
				GENERATE_INFOPLIST_FILE = YES;
				INFOPLIST_FILE = Networking/Info.plist;
				INFOPLIST_KEY_CFBundleDisplayName = Networking;
				INFOPLIST_KEY_NSHumanReadableCopyright = "";
				LD_RUNPATH_SEARCH_PATHS = (
					"$(inherited)",
					"@executable_path/Frameworks",
					"@executable_path/../../Frameworks",
				);
				MARKETING_VERSION = 1.0;
				PRODUCT_BUNDLE_IDENTIFIER = com.joeleinbinder.JoelBrowser.Networking;
				PRODUCT_NAME = "$(TARGET_NAME)";
				SKIP_INSTALL = YES;
				SWIFT_EMIT_LOC_STRINGS = YES;
				TARGETED_DEVICE_FAMILY = "1,2";
			};
			name = Debug;
		};
		F07D8F092B70B3D200313BD3 /* Release */ = {
			isa = XCBuildConfiguration;
			buildSettings = {
				CODE_SIGN_STYLE = Automatic;
				CURRENT_PROJECT_VERSION = 1;
				DEVELOPMENT_TEAM = KM96MU7G7A;
				GENERATE_INFOPLIST_FILE = YES;
				INFOPLIST_FILE = Networking/Info.plist;
				INFOPLIST_KEY_CFBundleDisplayName = Networking;
				INFOPLIST_KEY_NSHumanReadableCopyright = "";
				LD_RUNPATH_SEARCH_PATHS = (
					"$(inherited)",
					"@executable_path/Frameworks",
					"@executable_path/../../Frameworks",
				);
				MARKETING_VERSION = 1.0;
				PRODUCT_BUNDLE_IDENTIFIER = com.joeleinbinder.JoelBrowser.Networking;
				PRODUCT_NAME = "$(TARGET_NAME)";
				SKIP_INSTALL = YES;
				SWIFT_EMIT_LOC_STRINGS = YES;
				TARGETED_DEVICE_FAMILY = "1,2";
			};
			name = Release;
		};
		F0EF697D2B70B9F000F25533 /* Debug */ = {
			isa = XCBuildConfiguration;
			buildSettings = {
				CODE_SIGN_STYLE = Automatic;
				CURRENT_PROJECT_VERSION = 1;
				DEVELOPMENT_TEAM = KM96MU7G7A;
				GENERATE_INFOPLIST_FILE = YES;
				INFOPLIST_FILE = WebContent/Info.plist;
				INFOPLIST_KEY_CFBundleDisplayName = WebContent;
				INFOPLIST_KEY_NSHumanReadableCopyright = "";
				LD_RUNPATH_SEARCH_PATHS = (
					"$(inherited)",
					"@executable_path/Frameworks",
					"@executable_path/../../Frameworks",
				);
				MARKETING_VERSION = 1.0;
				PRODUCT_BUNDLE_IDENTIFIER = com.joeleinbinder.JoelBrowser.WebContent;
				PRODUCT_NAME = "$(TARGET_NAME)";
				SKIP_INSTALL = YES;
				SWIFT_EMIT_LOC_STRINGS = YES;
				TARGETED_DEVICE_FAMILY = "1,2";
			};
			name = Debug;
		};
		F0EF697E2B70B9F000F25533 /* Release */ = {
			isa = XCBuildConfiguration;
			buildSettings = {
				CODE_SIGN_STYLE = Automatic;
				CURRENT_PROJECT_VERSION = 1;
				DEVELOPMENT_TEAM = KM96MU7G7A;
				GENERATE_INFOPLIST_FILE = YES;
				INFOPLIST_FILE = WebContent/Info.plist;
				INFOPLIST_KEY_CFBundleDisplayName = WebContent;
				INFOPLIST_KEY_NSHumanReadableCopyright = "";
				LD_RUNPATH_SEARCH_PATHS = (
					"$(inherited)",
					"@executable_path/Frameworks",
					"@executable_path/../../Frameworks",
				);
				MARKETING_VERSION = 1.0;
				PRODUCT_BUNDLE_IDENTIFIER = com.joeleinbinder.JoelBrowser.WebContent;
				PRODUCT_NAME = "$(TARGET_NAME)";
				SKIP_INSTALL = YES;
				SWIFT_EMIT_LOC_STRINGS = YES;
				TARGETED_DEVICE_FAMILY = "1,2";
			};
			name = Release;
		};
/* End XCBuildConfiguration section */

/* Begin XCConfigurationList section */
		F07D8ECC2B70AF4B00313BD3 /* Build configuration list for PBXProject "JoelBrowser" */ = {
			isa = XCConfigurationList;
			buildConfigurations = (
				F07D8EE82B70AF4C00313BD3 /* Debug */,
				F07D8EE92B70AF4C00313BD3 /* Release */,
			);
			defaultConfigurationIsVisible = 0;
			defaultConfigurationName = Release;
		};
		F07D8EEA2B70AF4C00313BD3 /* Build configuration list for PBXNativeTarget "JoelBrowser" */ = {
			isa = XCConfigurationList;
			buildConfigurations = (
				F07D8EEB2B70AF4C00313BD3 /* Debug */,
				F07D8EEC2B70AF4C00313BD3 /* Release */,
			);
			defaultConfigurationIsVisible = 0;
			defaultConfigurationName = Release;
		};
		F07D8F072B70B3D200313BD3 /* Build configuration list for PBXNativeTarget "Networking" */ = {
			isa = XCConfigurationList;
			buildConfigurations = (
				F07D8F082B70B3D200313BD3 /* Debug */,
				F07D8F092B70B3D200313BD3 /* Release */,
			);
			defaultConfigurationIsVisible = 0;
			defaultConfigurationName = Release;
		};
		F0EF697F2B70B9F000F25533 /* Build configuration list for PBXNativeTarget "WebContent" */ = {
			isa = XCConfigurationList;
			buildConfigurations = (
				F0EF697D2B70B9F000F25533 /* Debug */,
				F0EF697E2B70B9F000F25533 /* Release */,
			);
			defaultConfigurationIsVisible = 0;
			defaultConfigurationName = Release;
		};
/* End XCConfigurationList section */
	};
	rootObject = F07D8EC92B70AF4B00313BD3 /* Project object */;
}
